
Microsoft Visual Studio Solution File, Format Version 12.00
# Visual Studio Version 17
VisualStudioVersion = 17.8.34330.188
MinimumVisualStudioVersion = 10.0.40219.1
Project("{FAE04EC0-301F-11D3-BF4B-00C04F79EFBC}") = "Assignment2.Server", "Assignment2.Server\Assignment2.Server.csproj", "{C6735026-194B-4C58-B56F-C65F11ACAF2F}"
EndProject
Project("{54A90642-561A-4BB1-A94E-469ADEE60C69}") = "assignment2.client", "assignment2.client\assignment2.client.esproj", "{E851632A-57D2-4B4D-91BA-7740030C85A5}"
EndProject
Global
	GlobalSection(SolutionConfigurationPlatforms) = preSolution
		Debug|Any CPU = Debug|Any CPU
		Release|Any CPU = Release|Any CPU
	EndGlobalSection
	GlobalSection(ProjectConfigurationPlatforms) = postSolution
		{C6735026-194B-4C58-B56F-C65F11ACAF2F}.Debug|Any CPU.ActiveCfg = Debug|Any CPU
		{C6735026-194B-4C58-B56F-C65F11ACAF2F}.Debug|Any CPU.Build.0 = Debug|Any CPU
		{C6735026-194B-4C58-B56F-C65F11ACAF2F}.Release|Any CPU.ActiveCfg = Release|Any CPU
		{C6735026-194B-4C58-B56F-C65F11ACAF2F}.Release|Any CPU.Build.0 = Release|Any CPU
		{E851632A-57D2-4B4D-91BA-7740030C85A5}.Debug|Any CPU.ActiveCfg = Debug|Any CPU
		{E851632A-57D2-4B4D-91BA-7740030C85A5}.Debug|Any CPU.Build.0 = Debug|Any CPU
		{E851632A-57D2-4B4D-91BA-7740030C85A5}.Debug|Any CPU.Deploy.0 = Debug|Any CPU
		{E851632A-57D2-4B4D-91BA-7740030C85A5}.Release|Any CPU.ActiveCfg = Release|Any CPU
		{E851632A-57D2-4B4D-91BA-7740030C85A5}.Release|Any CPU.Build.0 = Release|Any CPU
		{E851632A-57D2-4B4D-91BA-7740030C85A5}.Release|Any CPU.Deploy.0 = Release|Any CPU
	EndGlobalSection
	GlobalSection(SolutionProperties) = preSolution
		HideSolutionNode = FALSE
	EndGlobalSection
	GlobalSection(ExtensibilityGlobals) = postSolution
		SolutionGuid = {FA16C726-E3A4-400D-85CA-797CB8E944B3}
	EndGlobalSection
EndGlobal
