
Microsoft Visual Studio Solution File, Format Version 12.00
# Visual Studio Version 17
VisualStudioVersion = 17.8.34330.188
MinimumVisualStudioVersion = 10.0.40219.1
Project("{FAE04EC0-301F-11D3-BF4B-00C04F79EFBC}") = "lab7linqdemo", "lab7linqdemo.csproj", "{7F31FD84-F0BA-483E-9A2F-6ACAA0568731}"
EndProject
Global
	GlobalSection(SolutionConfigurationPlatforms) = preSolution
		Debug|Any CPU = Debug|Any CPU
		Release|Any CPU = Release|Any CPU
	EndGlobalSection
	GlobalSection(ProjectConfigurationPlatforms) = postSolution
		{7F31FD84-F0BA-483E-9A2F-6ACAA0568731}.Debug|Any CPU.ActiveCfg = Debug|Any CPU
		{7F31FD84-F0BA-483E-9A2F-6ACAA0568731}.Debug|Any CPU.Build.0 = Debug|Any CPU
		{7F31FD84-F0BA-483E-9A2F-6ACAA0568731}.Release|Any CPU.ActiveCfg = Release|Any CPU
		{7F31FD84-F0BA-483E-9A2F-6ACAA0568731}.Release|Any CPU.Build.0 = Release|Any CPU
	EndGlobalSection
	GlobalSection(SolutionProperties) = preSolution
		HideSolutionNode = FALSE
	EndGlobalSection
	GlobalSection(ExtensibilityGlobals) = postSolution
		SolutionGuid = {80524081-848C-4C22-A3E4-7622403DCC07}
	EndGlobalSection
EndGlobal
